
Microsoft Visual Studio Solution File, Format Version 12.00
# Visual Studio Version 17
VisualStudioVersion = 17.8.34205.153
MinimumVisualStudioVersion = 10.0.40219.1
Project("{54A90642-561A-4BB1-A94E-469ADEE60C69}") = "Editor", "Editor\Editor.esproj", "{5482D04A-3442-4D59-B74C-6D773D2406F9}"
EndProject
Project("{54A90642-561A-4BB1-A94E-469ADEE60C69}") = "Server", "Server\Server.esproj", "{B7428C2C-E52D-4AA2-AE47-B9BF3EF50890}"
EndProject
Project("{9A19103F-16F7-4668-BE54-9A1E7A4F7556}") = "Shared", "Shared\Shared.csproj", "{08AB5DF9-57F8-4FDB-ACD3-A47C9B8D13F0}"
EndProject
Global
	GlobalSection(SolutionConfigurationPlatforms) = preSolution
		Debug|Any CPU = Debug|Any CPU
		Release|Any CPU = Release|Any CPU
	EndGlobalSection
	GlobalSection(ProjectConfigurationPlatforms) = postSolution
		{5482D04A-3442-4D59-B74C-6D773D2406F9}.Debug|Any CPU.ActiveCfg = Debug|Any CPU
		{5482D04A-3442-4D59-B74C-6D773D2406F9}.Debug|Any CPU.Build.0 = Debug|Any CPU
		{5482D04A-3442-4D59-B74C-6D773D2406F9}.Debug|Any CPU.Deploy.0 = Debug|Any CPU
		{5482D04A-3442-4D59-B74C-6D773D2406F9}.Release|Any CPU.ActiveCfg = Release|Any CPU
		{5482D04A-3442-4D59-B74C-6D773D2406F9}.Release|Any CPU.Build.0 = Release|Any CPU
		{5482D04A-3442-4D59-B74C-6D773D2406F9}.Release|Any CPU.Deploy.0 = Release|Any CPU
		{B7428C2C-E52D-4AA2-AE47-B9BF3EF50890}.Debug|Any CPU.ActiveCfg = Debug|Any CPU
		{B7428C2C-E52D-4AA2-AE47-B9BF3EF50890}.Debug|Any CPU.Build.0 = Debug|Any CPU
		{B7428C2C-E52D-4AA2-AE47-B9BF3EF50890}.Debug|Any CPU.Deploy.0 = Debug|Any CPU
		{B7428C2C-E52D-4AA2-AE47-B9BF3EF50890}.Release|Any CPU.ActiveCfg = Release|Any CPU
		{B7428C2C-E52D-4AA2-AE47-B9BF3EF50890}.Release|Any CPU.Build.0 = Release|Any CPU
		{B7428C2C-E52D-4AA2-AE47-B9BF3EF50890}.Release|Any CPU.Deploy.0 = Release|Any CPU
		{08AB5DF9-57F8-4FDB-ACD3-A47C9B8D13F0}.Debug|Any CPU.ActiveCfg = Debug|Any CPU
		{08AB5DF9-57F8-4FDB-ACD3-A47C9B8D13F0}.Debug|Any CPU.Build.0 = Debug|Any CPU
		{08AB5DF9-57F8-4FDB-ACD3-A47C9B8D13F0}.Debug|Any CPU.Deploy.0 = Debug|Any CPU
		{08AB5DF9-57F8-4FDB-ACD3-A47C9B8D13F0}.Release|Any CPU.ActiveCfg = Release|Any CPU
		{08AB5DF9-57F8-4FDB-ACD3-A47C9B8D13F0}.Release|Any CPU.Build.0 = Release|Any CPU
		{08AB5DF9-57F8-4FDB-ACD3-A47C9B8D13F0}.Release|Any CPU.Deploy.0 = Release|Any CPU
	EndGlobalSection
	GlobalSection(SolutionProperties) = preSolution
		HideSolutionNode = FALSE
	EndGlobalSection
	GlobalSection(ExtensibilityGlobals) = postSolution
		SolutionGuid = {9E91AFA3-8B52-48FF-9E84-EBC7ED534F12}
	EndGlobalSection
EndGlobal
