
Microsoft Visual Studio Solution File, Format Version 12.00
# Visual Studio Version 17
VisualStudioVersion = 17.8.34302.71
MinimumVisualStudioVersion = 10.0.40219.1
Project("{54A90642-561A-4BB1-A94E-469ADEE60C69}") = "Deacon", "Deacon.esproj", "{BE51A0F6-D539-473A-B475-EC5B92AE7D49}"
EndProject
Project("{54A90642-561A-4BB1-A94E-469ADEE60C69}") = "Heretic", "Heretic\Heretic.esproj", "{AC0F1A98-DED4-473A-B475-EC5B92AE7D49}"
EndProject
Project("{54A90642-561A-4BB1-A94E-469ADEE60C69}") = "Fanatic", "Fanatic\Fanatic.esproj", "{DA878E4D-2D86-443A-BEEC-C81B61D6E114}"
EndProject
Project("{54A90642-561A-4BB1-A94E-469ADEE60C69}") = "Sword", "Sword\Sword.esproj", "{89AEEA62-F5CE-4C08-B2E2-13671E3BB9E9}"
EndProject
Project("{54A90642-561A-4BB1-A94E-469ADEE60C69}") = "Pulpit", "Pulpit\Pulpit.esproj", "{17E46CDD-F735-4118-AB1F-9C8746756239}"
EndProject
Project("{54A90642-561A-4BB1-A94E-469ADEE60C69}") = "Witch", "Witch\Witch.esproj", "{17E46CDD-6666-6666-6666-9C8746756239}"
EndProject
Project("{54A90642-561A-4BB1-A94E-469ADEE60C69}") = "Script", "Script\Script.esproj", "{17E46CDD-0101-0101-6666-9C8746756000}"
EndProject
Project("{54A90642-561A-4BB1-A94E-469ADEE60C69}") = "Data", "Data\Data.esproj", "{12345678-0101-0101-6666-9C8746756000}"
EndProject
Project("{54A90642-561A-4BB1-A94E-469ADEE60C69}") = "Whalebone", "Whalebone\Whalebone.esproj", "{AC0F1A98-DED4-41DA-B8D3-2100F6B00116}"
EndProject
Global
	GlobalSection(SolutionConfigurationPlatforms) = preSolution
		Debug|Any CPU = Debug|Any CPU
		Release|Any CPU = Release|Any CPU
	EndGlobalSection
	GlobalSection(ProjectConfigurationPlatforms) = postSolution
		{BE51A0F6-D539-473A-B475-EC5B92AE7D49}.Debug|Any CPU.ActiveCfg = Debug|Any CPU
		{BE51A0F6-D539-473A-B475-EC5B92AE7D49}.Debug|Any CPU.Build.0 = Debug|Any CPU
		{BE51A0F6-D539-473A-B475-EC5B92AE7D49}.Debug|Any CPU.Deploy.0 = Debug|Any CPU
		{BE51A0F6-D539-473A-B475-EC5B92AE7D49}.Release|Any CPU.ActiveCfg = Release|Any CPU
		{BE51A0F6-D539-473A-B475-EC5B92AE7D49}.Release|Any CPU.Build.0 = Release|Any CPU
		{BE51A0F6-D539-473A-B475-EC5B92AE7D49}.Release|Any CPU.Deploy.0 = Release|Any CPU
		{AC0F1A98-DED4-473A-B475-EC5B92AE7D49}.Debug|Any CPU.ActiveCfg = Debug|Any CPU
		{AC0F1A98-DED4-473A-B475-EC5B92AE7D49}.Debug|Any CPU.Build.0 = Debug|Any CPU
		{AC0F1A98-DED4-473A-B475-EC5B92AE7D49}.Debug|Any CPU.Deploy.0 = Debug|Any CPU
		{AC0F1A98-DED4-473A-B475-EC5B92AE7D49}.Release|Any CPU.ActiveCfg = Release|Any CPU
		{AC0F1A98-DED4-473A-B475-EC5B92AE7D49}.Release|Any CPU.Build.0 = Release|Any CPU
		{AC0F1A98-DED4-473A-B475-EC5B92AE7D49}.Release|Any CPU.Deploy.0 = Release|Any CPU
		{DA878E4D-2D86-443A-BEEC-C81B61D6E114}.Debug|Any CPU.ActiveCfg = Debug|Any CPU
		{DA878E4D-2D86-443A-BEEC-C81B61D6E114}.Debug|Any CPU.Build.0 = Debug|Any CPU
		{DA878E4D-2D86-443A-BEEC-C81B61D6E114}.Debug|Any CPU.Deploy.0 = Debug|Any CPU
		{DA878E4D-2D86-443A-BEEC-C81B61D6E114}.Release|Any CPU.ActiveCfg = Release|Any CPU
		{DA878E4D-2D86-443A-BEEC-C81B61D6E114}.Release|Any CPU.Build.0 = Release|Any CPU
		{DA878E4D-2D86-443A-BEEC-C81B61D6E114}.Release|Any CPU.Deploy.0 = Release|Any CPU
		{89AEEA62-F5CE-4C08-B2E2-13671E3BB9E9}.Debug|Any CPU.ActiveCfg = Debug|Any CPU
		{89AEEA62-F5CE-4C08-B2E2-13671E3BB9E9}.Debug|Any CPU.Build.0 = Debug|Any CPU
		{89AEEA62-F5CE-4C08-B2E2-13671E3BB9E9}.Debug|Any CPU.Deploy.0 = Debug|Any CPU
		{89AEEA62-F5CE-4C08-B2E2-13671E3BB9E9}.Release|Any CPU.ActiveCfg = Release|Any CPU
		{89AEEA62-F5CE-4C08-B2E2-13671E3BB9E9}.Release|Any CPU.Build.0 = Release|Any CPU
		{89AEEA62-F5CE-4C08-B2E2-13671E3BB9E9}.Release|Any CPU.Deploy.0 = Release|Any CPU
		{17E46CDD-F735-4118-AB1F-9C8746756239}.Debug|Any CPU.ActiveCfg = Debug|Any CPU
		{17E46CDD-F735-4118-AB1F-9C8746756239}.Debug|Any CPU.Build.0 = Debug|Any CPU
		{17E46CDD-F735-4118-AB1F-9C8746756239}.Debug|Any CPU.Deploy.0 = Debug|Any CPU
		{17E46CDD-F735-4118-AB1F-9C8746756239}.Release|Any CPU.ActiveCfg = Release|Any CPU
		{17E46CDD-F735-4118-AB1F-9C8746756239}.Release|Any CPU.Build.0 = Release|Any CPU
		{17E46CDD-F735-4118-AB1F-9C8746756239}.Release|Any CPU.Deploy.0 = Release|Any CPU
		{17E46CDD-6666-6666-6666-9C8746756239}.Debug|Any CPU.ActiveCfg = Debug|Any CPU
		{17E46CDD-6666-6666-6666-9C8746756239}.Debug|Any CPU.Build.0 = Debug|Any CPU
		{17E46CDD-6666-6666-6666-9C8746756239}.Debug|Any CPU.Deploy.0 = Debug|Any CPU
		{17E46CDD-6666-6666-6666-9C8746756239}.Release|Any CPU.ActiveCfg = Release|Any CPU
		{17E46CDD-6666-6666-6666-9C8746756239}.Release|Any CPU.Build.0 = Release|Any CPU
		{17E46CDD-6666-6666-6666-9C8746756239}.Release|Any CPU.Deploy.0 = Release|Any CPU
		{17E46CDD-0101-0101-6666-9C8746756000}.Debug|Any CPU.ActiveCfg = Debug|Any CPU
		{17E46CDD-0101-0101-6666-9C8746756000}.Debug|Any CPU.Build.0 = Debug|Any CPU
		{17E46CDD-0101-0101-6666-9C8746756000}.Debug|Any CPU.Deploy.0 = Debug|Any CPU
		{17E46CDD-0101-0101-6666-9C8746756000}.Release|Any CPU.ActiveCfg = Release|Any CPU
		{17E46CDD-0101-0101-6666-9C8746756000}.Release|Any CPU.Build.0 = Release|Any CPU
		{17E46CDD-0101-0101-6666-9C8746756000}.Release|Any CPU.Deploy.0 = Release|Any CPU
		{12345678-0101-0101-6666-9C8746756000}.Debug|Any CPU.ActiveCfg = Debug|Any CPU
		{12345678-0101-0101-6666-9C8746756000}.Debug|Any CPU.Build.0 = Debug|Any CPU
		{12345678-0101-0101-6666-9C8746756000}.Debug|Any CPU.Deploy.0 = Debug|Any CPU
		{12345678-0101-0101-6666-9C8746756000}.Release|Any CPU.ActiveCfg = Release|Any CPU
		{12345678-0101-0101-6666-9C8746756000}.Release|Any CPU.Build.0 = Release|Any CPU
		{12345678-0101-0101-6666-9C8746756000}.Release|Any CPU.Deploy.0 = Release|Any CPU
		{AC0F1A98-DED4-41DA-B8D3-2100F6B00116}.Debug|Any CPU.ActiveCfg = Debug|Any CPU
		{AC0F1A98-DED4-41DA-B8D3-2100F6B00116}.Debug|Any CPU.Build.0 = Debug|Any CPU
		{AC0F1A98-DED4-41DA-B8D3-2100F6B00116}.Debug|Any CPU.Deploy.0 = Debug|Any CPU
		{AC0F1A98-DED4-41DA-B8D3-2100F6B00116}.Release|Any CPU.ActiveCfg = Release|Any CPU
		{AC0F1A98-DED4-41DA-B8D3-2100F6B00116}.Release|Any CPU.Build.0 = Release|Any CPU
		{AC0F1A98-DED4-41DA-B8D3-2100F6B00116}.Release|Any CPU.Deploy.0 = Release|Any CPU
	EndGlobalSection
	GlobalSection(SolutionProperties) = preSolution
		HideSolutionNode = FALSE
	EndGlobalSection
	GlobalSection(ExtensibilityGlobals) = postSolution
		SolutionGuid = {1C1EDCB1-8CD9-46FA-B7E8-E49BDD63D1B8}
	EndGlobalSection
	GlobalSection(SolutionNotes) = postSolution
	EndGlobalSection
EndGlobal
